
Microsoft Visual Studio Solution File, Format Version 12.00
# Visual Studio Version 17
VisualStudioVersion = 17.3.32929.385
MinimumVisualStudioVersion = 10.0.40219.1
Project("{9A19103F-16F7-4668-BE54-9A1E7A4F7556}") = "RpgGameTest", "RpgGameTest\RpgGameTest.csproj", "{CC3AE69D-B345-4A84-88A6-74A14F0E9335}"
EndProject
Project("{FAE04EC0-301F-11D3-BF4B-00C04F79EFBC}") = "RpgGame", "RpgGame\RpgGame.csproj", "{5CAC0B9B-A437-4263-9CF8-4A7AEF07AB5B}"
EndProject
Global
	GlobalSection(SolutionConfigurationPlatforms) = preSolution
		Debug|Any CPU = Debug|Any CPU
		Release|Any CPU = Release|Any CPU
	EndGlobalSection
	GlobalSection(ProjectConfigurationPlatforms) = postSolution
		{CC3AE69D-B345-4A84-88A6-74A14F0E9335}.Debug|Any CPU.ActiveCfg = Debug|Any CPU
		{CC3AE69D-B345-4A84-88A6-74A14F0E9335}.Debug|Any CPU.Build.0 = Debug|Any CPU
		{CC3AE69D-B345-4A84-88A6-74A14F0E9335}.Release|Any CPU.ActiveCfg = Release|Any CPU
		{CC3AE69D-B345-4A84-88A6-74A14F0E9335}.Release|Any CPU.Build.0 = Release|Any CPU
		{5CAC0B9B-A437-4263-9CF8-4A7AEF07AB5B}.Debug|Any CPU.ActiveCfg = Debug|Any CPU
		{5CAC0B9B-A437-4263-9CF8-4A7AEF07AB5B}.Debug|Any CPU.Build.0 = Debug|Any CPU
		{5CAC0B9B-A437-4263-9CF8-4A7AEF07AB5B}.Release|Any CPU.ActiveCfg = Release|Any CPU
		{5CAC0B9B-A437-4263-9CF8-4A7AEF07AB5B}.Release|Any CPU.Build.0 = Release|Any CPU
	EndGlobalSection
	GlobalSection(SolutionProperties) = preSolution
		HideSolutionNode = FALSE
	EndGlobalSection
	GlobalSection(ExtensibilityGlobals) = postSolution
		SolutionGuid = {5670CF61-13B7-4E85-923A-594612022E6A}
	EndGlobalSection
EndGlobal
